{
  "version": 1,
  "dependencies": {
    "net10.0-windows7.0": {
      "DalamudPackager": {
        "type": "Direct",
        "requested": "[15.0.0, )",
        "resolved": "15.0.0",
        "contentHash": "411vwC8/X8Z/sQ2TI6v3SvOn66xFPeOjFn3Zn+h0d3Ox2t1kFm66AhDvmx/qcMwVrR+Hidxj0dadpQ2dgyXMBQ=="
      },
      "DotNet.ReproducibleBuilds": {
        "type": "Direct",
        "requested": "[1.2.39, )",
        "resolved": "1.2.39",
        "contentHash": "fcFN01tDTIQqDuTwr1jUQK/geofiwjG5DycJQOnC72i1SsLAk1ELe+apBOuZ11UMQG8YKFZG1FgvjZPbqHyatg=="
      },
      "KamiToolKit": {
        "type": "Transitive",
        "resolved": "2.0.8",
        "contentHash": "nXXi88c9etes4r3cL9DTv58C8/WU5sg29HLbzQ+NW3vrcy6I3gsWJJeyjFIQSmbF/9+5MTSCD3QL7hh6mBfC5A=="
      },
      "kamitoolkit.components": {
        "type": "Project",
        "dependencies": {
          "KamiToolKit": "[*, )"
        }
      }
    }
  }
}